
Microsoft Visual Studio Solution File, Format Version 12.00
# Visual Studio Version 16
VisualStudioVersion = 16.0.31702.278
MinimumVisualStudioVersion = 10.0.40219.1
Project("{9A19103F-16F7-4668-BE54-9A1E7A4F7556}") = "05_Fruit", "05_Fruit.csproj", "{323D907B-D55E-495F-A5C4-863AEB7363CA}"
EndProject
Global
	GlobalSection(SolutionConfigurationPlatforms) = preSolution
		Debug|Any CPU = Debug|Any CPU
		Release|Any CPU = Release|Any CPU
	EndGlobalSection
	GlobalSection(ProjectConfigurationPlatforms) = postSolution
		{323D907B-D55E-495F-A5C4-863AEB7363CA}.Debug|Any CPU.ActiveCfg = Debug|Any CPU
		{323D907B-D55E-495F-A5C4-863AEB7363CA}.Debug|Any CPU.Build.0 = Debug|Any CPU
		{323D907B-D55E-495F-A5C4-863AEB7363CA}.Release|Any CPU.ActiveCfg = Release|Any CPU
		{323D907B-D55E-495F-A5C4-863AEB7363CA}.Release|Any CPU.Build.0 = Release|Any CPU
	EndGlobalSection
	GlobalSection(SolutionProperties) = preSolution
		HideSolutionNode = FALSE
	EndGlobalSection
	GlobalSection(ExtensibilityGlobals) = postSolution
		SolutionGuid = {53F99B26-DA6E-49F2-AFAF-5AA9278A4F61}
	EndGlobalSection
EndGlobal
