
Microsoft Visual Studio Solution File, Format Version 12.00
# Visual Studio Version 16
VisualStudioVersion = 16.0.31702.278
MinimumVisualStudioVersion = 10.0.40219.1
Project("{9A19103F-16F7-4668-BE54-9A1E7A4F7556}") = "Test Code Grade", "Test Code Grade\Test Code Grade.csproj", "{DC76C645-2449-4493-B6E9-5BC156B93F1A}"
EndProject
Project("{9A19103F-16F7-4668-BE54-9A1E7A4F7556}") = "Operations", "Operations\Operations.csproj", "{48D2A61F-6034-407A-B644-A93F486CF3FB}"
EndProject
Project("{9A19103F-16F7-4668-BE54-9A1E7A4F7556}") = "Celcius", "Celcius\Celcius.csproj", "{9CB42DCF-9C1D-499E-8DD2-7859DA54E603}"
EndProject
Project("{9A19103F-16F7-4668-BE54-9A1E7A4F7556}") = "Days", "Days\Days.csproj", "{5305B725-F14C-477F-8FC9-D122EF063F29}"
EndProject
Project("{9A19103F-16F7-4668-BE54-9A1E7A4F7556}") = "Sum", "Sum\Sum.csproj", "{C78B17E3-B4D9-4E37-82EC-1931491D72CA}"
EndProject
Project("{9A19103F-16F7-4668-BE54-9A1E7A4F7556}") = "distance2", "distance2\distance2.csproj", "{E7EF5F98-E934-4F06-B02A-646860E9F1BA}"
EndProject
Project("{9A19103F-16F7-4668-BE54-9A1E7A4F7556}") = "BMI", "BMI\BMI.csproj", "{6775ED4D-F611-40C8-9A2B-D2F36E17F4C1}"
EndProject
Project("{9A19103F-16F7-4668-BE54-9A1E7A4F7556}") = "Ascii", "Ascii\Ascii.csproj", "{9C3D4F48-10FA-4304-AAAE-E6C7C5C86258}"
EndProject
Project("{9A19103F-16F7-4668-BE54-9A1E7A4F7556}") = "Greatest", "Greatest\Greatest.csproj", "{9B63ABD8-B25B-482E-B462-3B0F5A5675C7}"
EndProject
Project("{9A19103F-16F7-4668-BE54-9A1E7A4F7556}") = "Circle", "Circle\Circle.csproj", "{9F1CB9A2-F70C-4457-8DEE-7D6DDEBF6C75}"
EndProject
Project("{9A19103F-16F7-4668-BE54-9A1E7A4F7556}") = "03_Weather", "03_Weather\03_Weather.csproj", "{3372DEEA-B267-4EDA-BC24-18E526DCFCDD}"
EndProject
Project("{9A19103F-16F7-4668-BE54-9A1E7A4F7556}") = "03_Negative", "03_Negative\03_Negative.csproj", "{12C84486-6320-48CC-B5DC-35E8D9728C7E}"
EndProject
Project("{9A19103F-16F7-4668-BE54-9A1E7A4F7556}") = "03_Even or Odd", "03_Even or Odd\03_Even or Odd.csproj", "{9E779454-480D-49D2-8863-67F5755254A3}"
EndProject
Project("{9A19103F-16F7-4668-BE54-9A1E7A4F7556}") = "03_Vowel", "03_Vowel\03_Vowel.csproj", "{DEB6E372-1239-4889-8B0F-4EA2B6D549D4}"
EndProject
Project("{9A19103F-16F7-4668-BE54-9A1E7A4F7556}") = "03_Quarter", "03_Quarter\03_Quarter.csproj", "{F532B10D-0E78-44AF-950F-C3C381500C51}"
EndProject
Project("{9A19103F-16F7-4668-BE54-9A1E7A4F7556}") = "03_Digit as Word", "03_Digit as Word\03_Digit as Word.csproj", "{AF57B1DB-61A1-42CC-8D54-FF9D3A82785A}"
EndProject
Project("{9A19103F-16F7-4668-BE54-9A1E7A4F7556}") = "03_BMI", "03_BMI\03_BMI.csproj", "{E5D14568-6FC1-4014-A000-32D932AF0119}"
EndProject
Project("{9A19103F-16F7-4668-BE54-9A1E7A4F7556}") = "03_Lowercase_uppercase", "03_Lowercase_uppercase\03_Lowercase_uppercase.csproj", "{EA667F1D-6950-420D-850F-D3D87394946D}"
EndProject
Project("{9A19103F-16F7-4668-BE54-9A1E7A4F7556}") = "03_Roots", "03_Roots\03_Roots.csproj", "{A8E53F6C-EDEF-4F00-ACCF-9959E228A099}"
EndProject
Project("{9A19103F-16F7-4668-BE54-9A1E7A4F7556}") = "03_Grades", "03_Grades\03_Grades.csproj", "{EE556C49-5DE6-4D57-8778-59FA92360234}"
EndProject
Project("{9A19103F-16F7-4668-BE54-9A1E7A4F7556}") = "ConsoleApp1", "ConsoleApp1\ConsoleApp1.csproj", "{6CF32F7E-2C4A-4541-B357-070C8D035976}"
EndProject
Project("{FAE04EC0-301F-11D3-BF4B-00C04F79EFBC}") = "files", "files\files.csproj", "{719A18FA-3AE5-4CE2-9583-16A0540D44C8}"
EndProject
Project("{9A19103F-16F7-4668-BE54-9A1E7A4F7556}") = "Lesson_Arrays", "files1\Lesson_Arrays.csproj", "{471E950C-9B89-4429-B5B8-A6DEF05566A5}"
EndProject
Project("{9A19103F-16F7-4668-BE54-9A1E7A4F7556}") = "04_CurzonNumbers", "04_CurzonNumbers\04_CurzonNumbers.csproj", "{1F97B725-E7A2-4913-83ED-CA47EE73A9A6}"
EndProject
Project("{9A19103F-16F7-4668-BE54-9A1E7A4F7556}") = "04_prime_number", "04_prime_number\04_prime_number.csproj", "{E937F7B7-43CC-4AFE-BA68-594C4ABA94D1}"
EndProject
Project("{9A19103F-16F7-4668-BE54-9A1E7A4F7556}") = "04_Sum", "04_Sum\04_Sum.csproj", "{AA2CDB2A-7B2D-4D3B-8D66-55263D0D4EC0}"
EndProject
Project("{9A19103F-16F7-4668-BE54-9A1E7A4F7556}") = "04 _Vowels", "04 _Vowels\04 _Vowels.csproj", "{BFECF17F-C20A-4385-906B-4C175A33A7BA}"
EndProject
Project("{9A19103F-16F7-4668-BE54-9A1E7A4F7556}") = "04_Pyramid", "04_Palindrome\04_Pyramid.csproj", "{51190FDC-7A5F-4D74-8798-765EF817C211}"
EndProject
Project("{9A19103F-16F7-4668-BE54-9A1E7A4F7556}") = "04_Decimal_to_Roma", "04_Decimal_to_Roma\04_Decimal_to_Roma.csproj", "{D8E5E8E8-64DE-44BA-A3C7-45F06B18C6E8}"
EndProject
Project("{9A19103F-16F7-4668-BE54-9A1E7A4F7556}") = "04_Fibonacci", "04_Fibonacci\04_Fibonacci.csproj", "{D5DE9EED-0D30-4FE8-AF15-53FE46320A31}"
EndProject
Project("{9A19103F-16F7-4668-BE54-9A1E7A4F7556}") = "04_FloydsTriangle", "04_FloydsTriangle\04_FloydsTriangle.csproj", "{5DC88FB9-EBC1-47AE-82F8-81032265BBDD}"
EndProject
Project("{9A19103F-16F7-4668-BE54-9A1E7A4F7556}") = "04_Palindromee", "04_Palindromee\04_Palindromee.csproj", "{3259B603-52D4-44B8-8B2C-E9F651B8984C}"
EndProject
Project("{9A19103F-16F7-4668-BE54-9A1E7A4F7556}") = "05_Punctuation", "05_Punctuation\05_Punctuation.csproj", "{112D5359-BB06-46F7-BEE3-D91206714169}"
EndProject
Project("{9A19103F-16F7-4668-BE54-9A1E7A4F7556}") = "05_Fruit", "testAna\05_Fruit.csproj", "{5D671C93-FECA-41AC-B80C-FA24E4865849}"
EndProject
Project("{9A19103F-16F7-4668-BE54-9A1E7A4F7556}") = "05_Password", "05_Password\05_Password.csproj", "{468B98E7-2F8C-4811-8F13-040740789E2C}"
EndProject
Project("{9A19103F-16F7-4668-BE54-9A1E7A4F7556}") = "05_Count Characters", "05_Count Characters\05_Count Characters.csproj", "{495E4319-A919-405D-BE1A-26157835D233}"
EndProject
Project("{9A19103F-16F7-4668-BE54-9A1E7A4F7556}") = "05_Panagram", "05_Panagram\05_Panagram.csproj", "{08B5AC79-55D0-4893-BC87-8830B62F6184}"
EndProject
Project("{9A19103F-16F7-4668-BE54-9A1E7A4F7556}") = "05_UbiDubi", "05_UbiDubi\05_UbiDubi.csproj", "{7BFDBF3E-EBA8-4500-8234-ED8B4D2A5F37}"
EndProject
Project("{9A19103F-16F7-4668-BE54-9A1E7A4F7556}") = "06_Seperation", "06_Seperation\06_Seperation.csproj", "{4760EEAC-9A72-4C88-94DF-C39592FD78A2}"
EndProject
Project("{9A19103F-16F7-4668-BE54-9A1E7A4F7556}") = "06_Second Largest", "06_Second Largest\06_Second Largest.csproj", "{BF95BE26-B92B-4D59-88D1-8F53916DD3C7}"
EndProject
Project("{9A19103F-16F7-4668-BE54-9A1E7A4F7556}") = "06_CountOccurences", "06_CountOccurences\06_CountOccurences.csproj", "{83EE5867-F757-4E99-99A0-374053DD0273}"
EndProject
Project("{9A19103F-16F7-4668-BE54-9A1E7A4F7556}") = "06_Find the numbers", "06_Find the numbers\06_Find the numbers.csproj", "{932E1D1B-C9B5-4BB2-A2A7-E0B7473C07D5}"
EndProject
Project("{9A19103F-16F7-4668-BE54-9A1E7A4F7556}") = "06_Rotate", "06_MostOccuring\06_Rotate.csproj", "{B2CD12C8-1125-431E-B437-AF716AF04DDA}"
EndProject
Project("{FAE04EC0-301F-11D3-BF4B-00C04F79EFBC}") = "06_Occurrences", "06_Occurrences\06_Occurrences.csproj", "{98D28D13-BC26-4318-82CF-40E544FD95BA}"
EndProject
Project("{FAE04EC0-301F-11D3-BF4B-00C04F79EFBC}") = "06_Unique", "06_Unique\06_Unique.csproj", "{D06DD0C6-A6FD-4957-8726-6D84E2F615C1}"
EndProject
Global
	GlobalSection(SolutionConfigurationPlatforms) = preSolution
		Debug|Any CPU = Debug|Any CPU
		Release|Any CPU = Release|Any CPU
	EndGlobalSection
	GlobalSection(ProjectConfigurationPlatforms) = postSolution
		{DC76C645-2449-4493-B6E9-5BC156B93F1A}.Debug|Any CPU.ActiveCfg = Debug|Any CPU
		{DC76C645-2449-4493-B6E9-5BC156B93F1A}.Debug|Any CPU.Build.0 = Debug|Any CPU
		{DC76C645-2449-4493-B6E9-5BC156B93F1A}.Release|Any CPU.ActiveCfg = Release|Any CPU
		{DC76C645-2449-4493-B6E9-5BC156B93F1A}.Release|Any CPU.Build.0 = Release|Any CPU
		{48D2A61F-6034-407A-B644-A93F486CF3FB}.Debug|Any CPU.ActiveCfg = Debug|Any CPU
		{48D2A61F-6034-407A-B644-A93F486CF3FB}.Debug|Any CPU.Build.0 = Debug|Any CPU
		{48D2A61F-6034-407A-B644-A93F486CF3FB}.Release|Any CPU.ActiveCfg = Release|Any CPU
		{48D2A61F-6034-407A-B644-A93F486CF3FB}.Release|Any CPU.Build.0 = Release|Any CPU
		{9CB42DCF-9C1D-499E-8DD2-7859DA54E603}.Debug|Any CPU.ActiveCfg = Debug|Any CPU
		{9CB42DCF-9C1D-499E-8DD2-7859DA54E603}.Debug|Any CPU.Build.0 = Debug|Any CPU
		{9CB42DCF-9C1D-499E-8DD2-7859DA54E603}.Release|Any CPU.ActiveCfg = Release|Any CPU
		{9CB42DCF-9C1D-499E-8DD2-7859DA54E603}.Release|Any CPU.Build.0 = Release|Any CPU
		{5305B725-F14C-477F-8FC9-D122EF063F29}.Debug|Any CPU.ActiveCfg = Debug|Any CPU
		{5305B725-F14C-477F-8FC9-D122EF063F29}.Debug|Any CPU.Build.0 = Debug|Any CPU
		{5305B725-F14C-477F-8FC9-D122EF063F29}.Release|Any CPU.ActiveCfg = Release|Any CPU
		{5305B725-F14C-477F-8FC9-D122EF063F29}.Release|Any CPU.Build.0 = Release|Any CPU
		{C78B17E3-B4D9-4E37-82EC-1931491D72CA}.Debug|Any CPU.ActiveCfg = Debug|Any CPU
		{C78B17E3-B4D9-4E37-82EC-1931491D72CA}.Debug|Any CPU.Build.0 = Debug|Any CPU
		{C78B17E3-B4D9-4E37-82EC-1931491D72CA}.Release|Any CPU.ActiveCfg = Release|Any CPU
		{C78B17E3-B4D9-4E37-82EC-1931491D72CA}.Release|Any CPU.Build.0 = Release|Any CPU
		{E7EF5F98-E934-4F06-B02A-646860E9F1BA}.Debug|Any CPU.ActiveCfg = Debug|Any CPU
		{E7EF5F98-E934-4F06-B02A-646860E9F1BA}.Debug|Any CPU.Build.0 = Debug|Any CPU
		{E7EF5F98-E934-4F06-B02A-646860E9F1BA}.Release|Any CPU.ActiveCfg = Release|Any CPU
		{E7EF5F98-E934-4F06-B02A-646860E9F1BA}.Release|Any CPU.Build.0 = Release|Any CPU
		{6775ED4D-F611-40C8-9A2B-D2F36E17F4C1}.Debug|Any CPU.ActiveCfg = Debug|Any CPU
		{6775ED4D-F611-40C8-9A2B-D2F36E17F4C1}.Debug|Any CPU.Build.0 = Debug|Any CPU
		{6775ED4D-F611-40C8-9A2B-D2F36E17F4C1}.Release|Any CPU.ActiveCfg = Release|Any CPU
		{6775ED4D-F611-40C8-9A2B-D2F36E17F4C1}.Release|Any CPU.Build.0 = Release|Any CPU
		{9C3D4F48-10FA-4304-AAAE-E6C7C5C86258}.Debug|Any CPU.ActiveCfg = Debug|Any CPU
		{9C3D4F48-10FA-4304-AAAE-E6C7C5C86258}.Debug|Any CPU.Build.0 = Debug|Any CPU
		{9C3D4F48-10FA-4304-AAAE-E6C7C5C86258}.Release|Any CPU.ActiveCfg = Release|Any CPU
		{9C3D4F48-10FA-4304-AAAE-E6C7C5C86258}.Release|Any CPU.Build.0 = Release|Any CPU
		{9B63ABD8-B25B-482E-B462-3B0F5A5675C7}.Debug|Any CPU.ActiveCfg = Debug|Any CPU
		{9B63ABD8-B25B-482E-B462-3B0F5A5675C7}.Debug|Any CPU.Build.0 = Debug|Any CPU
		{9B63ABD8-B25B-482E-B462-3B0F5A5675C7}.Release|Any CPU.ActiveCfg = Release|Any CPU
		{9B63ABD8-B25B-482E-B462-3B0F5A5675C7}.Release|Any CPU.Build.0 = Release|Any CPU
		{9F1CB9A2-F70C-4457-8DEE-7D6DDEBF6C75}.Debug|Any CPU.ActiveCfg = Debug|Any CPU
		{9F1CB9A2-F70C-4457-8DEE-7D6DDEBF6C75}.Debug|Any CPU.Build.0 = Debug|Any CPU
		{9F1CB9A2-F70C-4457-8DEE-7D6DDEBF6C75}.Release|Any CPU.ActiveCfg = Release|Any CPU
		{9F1CB9A2-F70C-4457-8DEE-7D6DDEBF6C75}.Release|Any CPU.Build.0 = Release|Any CPU
		{3372DEEA-B267-4EDA-BC24-18E526DCFCDD}.Debug|Any CPU.ActiveCfg = Debug|Any CPU
		{3372DEEA-B267-4EDA-BC24-18E526DCFCDD}.Debug|Any CPU.Build.0 = Debug|Any CPU
		{3372DEEA-B267-4EDA-BC24-18E526DCFCDD}.Release|Any CPU.ActiveCfg = Release|Any CPU
		{3372DEEA-B267-4EDA-BC24-18E526DCFCDD}.Release|Any CPU.Build.0 = Release|Any CPU
		{12C84486-6320-48CC-B5DC-35E8D9728C7E}.Debug|Any CPU.ActiveCfg = Debug|Any CPU
		{12C84486-6320-48CC-B5DC-35E8D9728C7E}.Debug|Any CPU.Build.0 = Debug|Any CPU
		{12C84486-6320-48CC-B5DC-35E8D9728C7E}.Release|Any CPU.ActiveCfg = Release|Any CPU
		{12C84486-6320-48CC-B5DC-35E8D9728C7E}.Release|Any CPU.Build.0 = Release|Any CPU
		{9E779454-480D-49D2-8863-67F5755254A3}.Debug|Any CPU.ActiveCfg = Debug|Any CPU
		{9E779454-480D-49D2-8863-67F5755254A3}.Debug|Any CPU.Build.0 = Debug|Any CPU
		{9E779454-480D-49D2-8863-67F5755254A3}.Release|Any CPU.ActiveCfg = Release|Any CPU
		{9E779454-480D-49D2-8863-67F5755254A3}.Release|Any CPU.Build.0 = Release|Any CPU
		{DEB6E372-1239-4889-8B0F-4EA2B6D549D4}.Debug|Any CPU.ActiveCfg = Debug|Any CPU
		{DEB6E372-1239-4889-8B0F-4EA2B6D549D4}.Debug|Any CPU.Build.0 = Debug|Any CPU
		{DEB6E372-1239-4889-8B0F-4EA2B6D549D4}.Release|Any CPU.ActiveCfg = Release|Any CPU
		{DEB6E372-1239-4889-8B0F-4EA2B6D549D4}.Release|Any CPU.Build.0 = Release|Any CPU
		{F532B10D-0E78-44AF-950F-C3C381500C51}.Debug|Any CPU.ActiveCfg = Debug|Any CPU
		{F532B10D-0E78-44AF-950F-C3C381500C51}.Debug|Any CPU.Build.0 = Debug|Any CPU
		{F532B10D-0E78-44AF-950F-C3C381500C51}.Release|Any CPU.ActiveCfg = Release|Any CPU
		{F532B10D-0E78-44AF-950F-C3C381500C51}.Release|Any CPU.Build.0 = Release|Any CPU
		{AF57B1DB-61A1-42CC-8D54-FF9D3A82785A}.Debug|Any CPU.ActiveCfg = Debug|Any CPU
		{AF57B1DB-61A1-42CC-8D54-FF9D3A82785A}.Debug|Any CPU.Build.0 = Debug|Any CPU
		{AF57B1DB-61A1-42CC-8D54-FF9D3A82785A}.Release|Any CPU.ActiveCfg = Release|Any CPU
		{AF57B1DB-61A1-42CC-8D54-FF9D3A82785A}.Release|Any CPU.Build.0 = Release|Any CPU
		{E5D14568-6FC1-4014-A000-32D932AF0119}.Debug|Any CPU.ActiveCfg = Debug|Any CPU
		{E5D14568-6FC1-4014-A000-32D932AF0119}.Debug|Any CPU.Build.0 = Debug|Any CPU
		{E5D14568-6FC1-4014-A000-32D932AF0119}.Release|Any CPU.ActiveCfg = Release|Any CPU
		{E5D14568-6FC1-4014-A000-32D932AF0119}.Release|Any CPU.Build.0 = Release|Any CPU
		{EA667F1D-6950-420D-850F-D3D87394946D}.Debug|Any CPU.ActiveCfg = Debug|Any CPU
		{EA667F1D-6950-420D-850F-D3D87394946D}.Debug|Any CPU.Build.0 = Debug|Any CPU
		{EA667F1D-6950-420D-850F-D3D87394946D}.Release|Any CPU.ActiveCfg = Release|Any CPU
		{EA667F1D-6950-420D-850F-D3D87394946D}.Release|Any CPU.Build.0 = Release|Any CPU
		{A8E53F6C-EDEF-4F00-ACCF-9959E228A099}.Debug|Any CPU.ActiveCfg = Debug|Any CPU
		{A8E53F6C-EDEF-4F00-ACCF-9959E228A099}.Debug|Any CPU.Build.0 = Debug|Any CPU
		{A8E53F6C-EDEF-4F00-ACCF-9959E228A099}.Release|Any CPU.ActiveCfg = Release|Any CPU
		{A8E53F6C-EDEF-4F00-ACCF-9959E228A099}.Release|Any CPU.Build.0 = Release|Any CPU
		{EE556C49-5DE6-4D57-8778-59FA92360234}.Debug|Any CPU.ActiveCfg = Debug|Any CPU
		{EE556C49-5DE6-4D57-8778-59FA92360234}.Debug|Any CPU.Build.0 = Debug|Any CPU
		{EE556C49-5DE6-4D57-8778-59FA92360234}.Release|Any CPU.ActiveCfg = Release|Any CPU
		{EE556C49-5DE6-4D57-8778-59FA92360234}.Release|Any CPU.Build.0 = Release|Any CPU
		{6CF32F7E-2C4A-4541-B357-070C8D035976}.Debug|Any CPU.ActiveCfg = Debug|Any CPU
		{6CF32F7E-2C4A-4541-B357-070C8D035976}.Debug|Any CPU.Build.0 = Debug|Any CPU
		{6CF32F7E-2C4A-4541-B357-070C8D035976}.Release|Any CPU.ActiveCfg = Release|Any CPU
		{6CF32F7E-2C4A-4541-B357-070C8D035976}.Release|Any CPU.Build.0 = Release|Any CPU
		{719A18FA-3AE5-4CE2-9583-16A0540D44C8}.Debug|Any CPU.ActiveCfg = Debug|Any CPU
		{719A18FA-3AE5-4CE2-9583-16A0540D44C8}.Debug|Any CPU.Build.0 = Debug|Any CPU
		{719A18FA-3AE5-4CE2-9583-16A0540D44C8}.Release|Any CPU.ActiveCfg = Release|Any CPU
		{719A18FA-3AE5-4CE2-9583-16A0540D44C8}.Release|Any CPU.Build.0 = Release|Any CPU
		{471E950C-9B89-4429-B5B8-A6DEF05566A5}.Debug|Any CPU.ActiveCfg = Debug|Any CPU
		{471E950C-9B89-4429-B5B8-A6DEF05566A5}.Debug|Any CPU.Build.0 = Debug|Any CPU
		{471E950C-9B89-4429-B5B8-A6DEF05566A5}.Release|Any CPU.ActiveCfg = Release|Any CPU
		{471E950C-9B89-4429-B5B8-A6DEF05566A5}.Release|Any CPU.Build.0 = Release|Any CPU
		{1F97B725-E7A2-4913-83ED-CA47EE73A9A6}.Debug|Any CPU.ActiveCfg = Debug|Any CPU
		{1F97B725-E7A2-4913-83ED-CA47EE73A9A6}.Debug|Any CPU.Build.0 = Debug|Any CPU
		{1F97B725-E7A2-4913-83ED-CA47EE73A9A6}.Release|Any CPU.ActiveCfg = Release|Any CPU
		{1F97B725-E7A2-4913-83ED-CA47EE73A9A6}.Release|Any CPU.Build.0 = Release|Any CPU
		{E937F7B7-43CC-4AFE-BA68-594C4ABA94D1}.Debug|Any CPU.ActiveCfg = Debug|Any CPU
		{E937F7B7-43CC-4AFE-BA68-594C4ABA94D1}.Debug|Any CPU.Build.0 = Debug|Any CPU
		{E937F7B7-43CC-4AFE-BA68-594C4ABA94D1}.Release|Any CPU.ActiveCfg = Release|Any CPU
		{E937F7B7-43CC-4AFE-BA68-594C4ABA94D1}.Release|Any CPU.Build.0 = Release|Any CPU
		{AA2CDB2A-7B2D-4D3B-8D66-55263D0D4EC0}.Debug|Any CPU.ActiveCfg = Debug|Any CPU
		{AA2CDB2A-7B2D-4D3B-8D66-55263D0D4EC0}.Debug|Any CPU.Build.0 = Debug|Any CPU
		{AA2CDB2A-7B2D-4D3B-8D66-55263D0D4EC0}.Release|Any CPU.ActiveCfg = Release|Any CPU
		{AA2CDB2A-7B2D-4D3B-8D66-55263D0D4EC0}.Release|Any CPU.Build.0 = Release|Any CPU
		{BFECF17F-C20A-4385-906B-4C175A33A7BA}.Debug|Any CPU.ActiveCfg = Debug|Any CPU
		{BFECF17F-C20A-4385-906B-4C175A33A7BA}.Debug|Any CPU.Build.0 = Debug|Any CPU
		{BFECF17F-C20A-4385-906B-4C175A33A7BA}.Release|Any CPU.ActiveCfg = Release|Any CPU
		{BFECF17F-C20A-4385-906B-4C175A33A7BA}.Release|Any CPU.Build.0 = Release|Any CPU
		{51190FDC-7A5F-4D74-8798-765EF817C211}.Debug|Any CPU.ActiveCfg = Debug|Any CPU
		{51190FDC-7A5F-4D74-8798-765EF817C211}.Debug|Any CPU.Build.0 = Debug|Any CPU
		{51190FDC-7A5F-4D74-8798-765EF817C211}.Release|Any CPU.ActiveCfg = Release|Any CPU
		{51190FDC-7A5F-4D74-8798-765EF817C211}.Release|Any CPU.Build.0 = Release|Any CPU
		{D8E5E8E8-64DE-44BA-A3C7-45F06B18C6E8}.Debug|Any CPU.ActiveCfg = Debug|Any CPU
		{D8E5E8E8-64DE-44BA-A3C7-45F06B18C6E8}.Debug|Any CPU.Build.0 = Debug|Any CPU
		{D8E5E8E8-64DE-44BA-A3C7-45F06B18C6E8}.Release|Any CPU.ActiveCfg = Release|Any CPU
		{D8E5E8E8-64DE-44BA-A3C7-45F06B18C6E8}.Release|Any CPU.Build.0 = Release|Any CPU
		{D5DE9EED-0D30-4FE8-AF15-53FE46320A31}.Debug|Any CPU.ActiveCfg = Debug|Any CPU
		{D5DE9EED-0D30-4FE8-AF15-53FE46320A31}.Debug|Any CPU.Build.0 = Debug|Any CPU
		{D5DE9EED-0D30-4FE8-AF15-53FE46320A31}.Release|Any CPU.ActiveCfg = Release|Any CPU
		{D5DE9EED-0D30-4FE8-AF15-53FE46320A31}.Release|Any CPU.Build.0 = Release|Any CPU
		{5DC88FB9-EBC1-47AE-82F8-81032265BBDD}.Debug|Any CPU.ActiveCfg = Debug|Any CPU
		{5DC88FB9-EBC1-47AE-82F8-81032265BBDD}.Debug|Any CPU.Build.0 = Debug|Any CPU
		{5DC88FB9-EBC1-47AE-82F8-81032265BBDD}.Release|Any CPU.ActiveCfg = Release|Any CPU
		{5DC88FB9-EBC1-47AE-82F8-81032265BBDD}.Release|Any CPU.Build.0 = Release|Any CPU
		{3259B603-52D4-44B8-8B2C-E9F651B8984C}.Debug|Any CPU.ActiveCfg = Debug|Any CPU
		{3259B603-52D4-44B8-8B2C-E9F651B8984C}.Debug|Any CPU.Build.0 = Debug|Any CPU
		{3259B603-52D4-44B8-8B2C-E9F651B8984C}.Release|Any CPU.ActiveCfg = Release|Any CPU
		{3259B603-52D4-44B8-8B2C-E9F651B8984C}.Release|Any CPU.Build.0 = Release|Any CPU
		{112D5359-BB06-46F7-BEE3-D91206714169}.Debug|Any CPU.ActiveCfg = Debug|Any CPU
		{112D5359-BB06-46F7-BEE3-D91206714169}.Debug|Any CPU.Build.0 = Debug|Any CPU
		{112D5359-BB06-46F7-BEE3-D91206714169}.Release|Any CPU.ActiveCfg = Release|Any CPU
		{112D5359-BB06-46F7-BEE3-D91206714169}.Release|Any CPU.Build.0 = Release|Any CPU
		{5D671C93-FECA-41AC-B80C-FA24E4865849}.Debug|Any CPU.ActiveCfg = Debug|Any CPU
		{5D671C93-FECA-41AC-B80C-FA24E4865849}.Debug|Any CPU.Build.0 = Debug|Any CPU
		{5D671C93-FECA-41AC-B80C-FA24E4865849}.Release|Any CPU.ActiveCfg = Release|Any CPU
		{5D671C93-FECA-41AC-B80C-FA24E4865849}.Release|Any CPU.Build.0 = Release|Any CPU
		{468B98E7-2F8C-4811-8F13-040740789E2C}.Debug|Any CPU.ActiveCfg = Debug|Any CPU
		{468B98E7-2F8C-4811-8F13-040740789E2C}.Debug|Any CPU.Build.0 = Debug|Any CPU
		{468B98E7-2F8C-4811-8F13-040740789E2C}.Release|Any CPU.ActiveCfg = Release|Any CPU
		{468B98E7-2F8C-4811-8F13-040740789E2C}.Release|Any CPU.Build.0 = Release|Any CPU
		{495E4319-A919-405D-BE1A-26157835D233}.Debug|Any CPU.ActiveCfg = Debug|Any CPU
		{495E4319-A919-405D-BE1A-26157835D233}.Debug|Any CPU.Build.0 = Debug|Any CPU
		{495E4319-A919-405D-BE1A-26157835D233}.Release|Any CPU.ActiveCfg = Release|Any CPU
		{495E4319-A919-405D-BE1A-26157835D233}.Release|Any CPU.Build.0 = Release|Any CPU
		{08B5AC79-55D0-4893-BC87-8830B62F6184}.Debug|Any CPU.ActiveCfg = Debug|Any CPU
		{08B5AC79-55D0-4893-BC87-8830B62F6184}.Debug|Any CPU.Build.0 = Debug|Any CPU
		{08B5AC79-55D0-4893-BC87-8830B62F6184}.Release|Any CPU.ActiveCfg = Release|Any CPU
		{08B5AC79-55D0-4893-BC87-8830B62F6184}.Release|Any CPU.Build.0 = Release|Any CPU
		{7BFDBF3E-EBA8-4500-8234-ED8B4D2A5F37}.Debug|Any CPU.ActiveCfg = Debug|Any CPU
		{7BFDBF3E-EBA8-4500-8234-ED8B4D2A5F37}.Debug|Any CPU.Build.0 = Debug|Any CPU
		{7BFDBF3E-EBA8-4500-8234-ED8B4D2A5F37}.Release|Any CPU.ActiveCfg = Release|Any CPU
		{7BFDBF3E-EBA8-4500-8234-ED8B4D2A5F37}.Release|Any CPU.Build.0 = Release|Any CPU
		{4760EEAC-9A72-4C88-94DF-C39592FD78A2}.Debug|Any CPU.ActiveCfg = Debug|Any CPU
		{4760EEAC-9A72-4C88-94DF-C39592FD78A2}.Debug|Any CPU.Build.0 = Debug|Any CPU
		{4760EEAC-9A72-4C88-94DF-C39592FD78A2}.Release|Any CPU.ActiveCfg = Release|Any CPU
		{4760EEAC-9A72-4C88-94DF-C39592FD78A2}.Release|Any CPU.Build.0 = Release|Any CPU
		{BF95BE26-B92B-4D59-88D1-8F53916DD3C7}.Debug|Any CPU.ActiveCfg = Debug|Any CPU
		{BF95BE26-B92B-4D59-88D1-8F53916DD3C7}.Debug|Any CPU.Build.0 = Debug|Any CPU
		{BF95BE26-B92B-4D59-88D1-8F53916DD3C7}.Release|Any CPU.ActiveCfg = Release|Any CPU
		{BF95BE26-B92B-4D59-88D1-8F53916DD3C7}.Release|Any CPU.Build.0 = Release|Any CPU
		{83EE5867-F757-4E99-99A0-374053DD0273}.Debug|Any CPU.ActiveCfg = Debug|Any CPU
		{83EE5867-F757-4E99-99A0-374053DD0273}.Debug|Any CPU.Build.0 = Debug|Any CPU
		{83EE5867-F757-4E99-99A0-374053DD0273}.Release|Any CPU.ActiveCfg = Release|Any CPU
		{83EE5867-F757-4E99-99A0-374053DD0273}.Release|Any CPU.Build.0 = Release|Any CPU
		{932E1D1B-C9B5-4BB2-A2A7-E0B7473C07D5}.Debug|Any CPU.ActiveCfg = Debug|Any CPU
		{932E1D1B-C9B5-4BB2-A2A7-E0B7473C07D5}.Debug|Any CPU.Build.0 = Debug|Any CPU
		{932E1D1B-C9B5-4BB2-A2A7-E0B7473C07D5}.Release|Any CPU.ActiveCfg = Release|Any CPU
		{932E1D1B-C9B5-4BB2-A2A7-E0B7473C07D5}.Release|Any CPU.Build.0 = Release|Any CPU
		{B2CD12C8-1125-431E-B437-AF716AF04DDA}.Debug|Any CPU.ActiveCfg = Debug|Any CPU
		{B2CD12C8-1125-431E-B437-AF716AF04DDA}.Debug|Any CPU.Build.0 = Debug|Any CPU
		{B2CD12C8-1125-431E-B437-AF716AF04DDA}.Release|Any CPU.ActiveCfg = Release|Any CPU
		{B2CD12C8-1125-431E-B437-AF716AF04DDA}.Release|Any CPU.Build.0 = Release|Any CPU
		{98D28D13-BC26-4318-82CF-40E544FD95BA}.Debug|Any CPU.ActiveCfg = Debug|Any CPU
		{98D28D13-BC26-4318-82CF-40E544FD95BA}.Debug|Any CPU.Build.0 = Debug|Any CPU
		{98D28D13-BC26-4318-82CF-40E544FD95BA}.Release|Any CPU.ActiveCfg = Release|Any CPU
		{98D28D13-BC26-4318-82CF-40E544FD95BA}.Release|Any CPU.Build.0 = Release|Any CPU
		{D06DD0C6-A6FD-4957-8726-6D84E2F615C1}.Debug|Any CPU.ActiveCfg = Debug|Any CPU
		{D06DD0C6-A6FD-4957-8726-6D84E2F615C1}.Debug|Any CPU.Build.0 = Debug|Any CPU
		{D06DD0C6-A6FD-4957-8726-6D84E2F615C1}.Release|Any CPU.ActiveCfg = Release|Any CPU
		{D06DD0C6-A6FD-4957-8726-6D84E2F615C1}.Release|Any CPU.Build.0 = Release|Any CPU
	EndGlobalSection
	GlobalSection(SolutionProperties) = preSolution
		HideSolutionNode = FALSE
	EndGlobalSection
	GlobalSection(ExtensibilityGlobals) = postSolution
		SolutionGuid = {61EEFBC2-34DF-44B5-9B82-54119C021675}
	EndGlobalSection
EndGlobal
